
Microsoft Visual Studio Solution File, Format Version 12.00
# Visual Studio Version 17
VisualStudioVersion = 17.5.2.0
MinimumVisualStudioVersion = 10.0.40219.1
Project("{2150E333-8FDC-42A3-9474-1A3956D46DE8}") = "package", "package", "{BBD3DA59-949E-DE27-B4B0-19AAD67562FF}"
EndProject
Project("{2150E333-8FDC-42A3-9474-1A3956D46DE8}") = "exercise1", "exercise1", "{7B23DBB5-4EE4-173F-643F-3970F40CBE4A}"
EndProject
Project("{FAE04EC0-301F-11D3-BF4B-00C04F79EFBC}") = "StargateAPI", "package\exercise1\api\StargateAPI.csproj", "{59CB7A78-F439-543C-58CB-3FAF6298E883}"
EndProject
Project("{FAE04EC0-301F-11D3-BF4B-00C04F79EFBC}") = "StargateAPI_Tests", "package\exercise1\StargateAPI_Tests\StargateAPI_Tests.csproj", "{730A991D-10E1-4A26-BA49-147E31B15A6A}"
EndProject
Global
	GlobalSection(SolutionConfigurationPlatforms) = preSolution
		Debug|Any CPU = Debug|Any CPU
		Debug|x64 = Debug|x64
		Debug|x86 = Debug|x86
		Release|Any CPU = Release|Any CPU
		Release|x64 = Release|x64
		Release|x86 = Release|x86
	EndGlobalSection
	GlobalSection(ProjectConfigurationPlatforms) = postSolution
		{59CB7A78-F439-543C-58CB-3FAF6298E883}.Debug|Any CPU.ActiveCfg = Debug|Any CPU
		{59CB7A78-F439-543C-58CB-3FAF6298E883}.Debug|Any CPU.Build.0 = Debug|Any CPU
		{59CB7A78-F439-543C-58CB-3FAF6298E883}.Debug|x64.ActiveCfg = Debug|Any CPU
		{59CB7A78-F439-543C-58CB-3FAF6298E883}.Debug|x64.Build.0 = Debug|Any CPU
		{59CB7A78-F439-543C-58CB-3FAF6298E883}.Debug|x86.ActiveCfg = Debug|Any CPU
		{59CB7A78-F439-543C-58CB-3FAF6298E883}.Debug|x86.Build.0 = Debug|Any CPU
		{59CB7A78-F439-543C-58CB-3FAF6298E883}.Release|Any CPU.ActiveCfg = Release|Any CPU
		{59CB7A78-F439-543C-58CB-3FAF6298E883}.Release|Any CPU.Build.0 = Release|Any CPU
		{59CB7A78-F439-543C-58CB-3FAF6298E883}.Release|x64.ActiveCfg = Release|Any CPU
		{59CB7A78-F439-543C-58CB-3FAF6298E883}.Release|x64.Build.0 = Release|Any CPU
		{59CB7A78-F439-543C-58CB-3FAF6298E883}.Release|x86.ActiveCfg = Release|Any CPU
		{59CB7A78-F439-543C-58CB-3FAF6298E883}.Release|x86.Build.0 = Release|Any CPU
		{730A991D-10E1-4A26-BA49-147E31B15A6A}.Debug|Any CPU.ActiveCfg = Debug|Any CPU
		{730A991D-10E1-4A26-BA49-147E31B15A6A}.Debug|Any CPU.Build.0 = Debug|Any CPU
		{730A991D-10E1-4A26-BA49-147E31B15A6A}.Debug|x64.ActiveCfg = Debug|Any CPU
		{730A991D-10E1-4A26-BA49-147E31B15A6A}.Debug|x64.Build.0 = Debug|Any CPU
		{730A991D-10E1-4A26-BA49-147E31B15A6A}.Debug|x86.ActiveCfg = Debug|Any CPU
		{730A991D-10E1-4A26-BA49-147E31B15A6A}.Debug|x86.Build.0 = Debug|Any CPU
		{730A991D-10E1-4A26-BA49-147E31B15A6A}.Release|Any CPU.ActiveCfg = Release|Any CPU
		{730A991D-10E1-4A26-BA49-147E31B15A6A}.Release|Any CPU.Build.0 = Release|Any CPU
		{730A991D-10E1-4A26-BA49-147E31B15A6A}.Release|x64.ActiveCfg = Release|Any CPU
		{730A991D-10E1-4A26-BA49-147E31B15A6A}.Release|x64.Build.0 = Release|Any CPU
		{730A991D-10E1-4A26-BA49-147E31B15A6A}.Release|x86.ActiveCfg = Release|Any CPU
		{730A991D-10E1-4A26-BA49-147E31B15A6A}.Release|x86.Build.0 = Release|Any CPU
	EndGlobalSection
	GlobalSection(SolutionProperties) = preSolution
		HideSolutionNode = FALSE
	EndGlobalSection
	GlobalSection(NestedProjects) = preSolution
		{7B23DBB5-4EE4-173F-643F-3970F40CBE4A} = {BBD3DA59-949E-DE27-B4B0-19AAD67562FF}
		{59CB7A78-F439-543C-58CB-3FAF6298E883} = {7B23DBB5-4EE4-173F-643F-3970F40CBE4A}
		{730A991D-10E1-4A26-BA49-147E31B15A6A} = {7B23DBB5-4EE4-173F-643F-3970F40CBE4A}
	EndGlobalSection
	GlobalSection(ExtensibilityGlobals) = postSolution
		SolutionGuid = {7165BE81-A80D-441F-B004-182E5E2D8437}
	EndGlobalSection
EndGlobal
